
Microsoft Visual Studio Solution File, Format Version 12.00
# Visual Studio Version 17
VisualStudioVersion = 17.6.33723.286
MinimumVisualStudioVersion = 10.0.40219.1
Project("{FAE04EC0-301F-11D3-BF4B-00C04F79EFBC}") = "WinFormsApp7", "WinFormsApp7\WinFormsApp7.csproj", "{2340550D-D69C-40AD-BE45-F0C87AF84973}"
EndProject
Global
	GlobalSection(SolutionConfigurationPlatforms) = preSolution
		Debug|Any CPU = Debug|Any CPU
		Release|Any CPU = Release|Any CPU
	EndGlobalSection
	GlobalSection(ProjectConfigurationPlatforms) = postSolution
		{2340550D-D69C-40AD-BE45-F0C87AF84973}.Debug|Any CPU.ActiveCfg = Debug|Any CPU
		{2340550D-D69C-40AD-BE45-F0C87AF84973}.Debug|Any CPU.Build.0 = Debug|Any CPU
		{2340550D-D69C-40AD-BE45-F0C87AF84973}.Release|Any CPU.ActiveCfg = Release|Any CPU
		{2340550D-D69C-40AD-BE45-F0C87AF84973}.Release|Any CPU.Build.0 = Release|Any CPU
	EndGlobalSection
	GlobalSection(SolutionProperties) = preSolution
		HideSolutionNode = FALSE
	EndGlobalSection
	GlobalSection(ExtensibilityGlobals) = postSolution
		SolutionGuid = {DF12FC53-34E5-459D-8E0A-87B6A32EB89D}
	EndGlobalSection
EndGlobal
